// !$*UTF8*$!
{
	archiveVersion = 1;
	classes = {
	};
	objectVersion = 55;
	objects = {

/* Begin PBXBuildFile section */
		EBED99D7289AD3BA00B348FD /* AppDelegate.swift in Sources */ = {isa = PBXBuildFile; fileRef = EBED99D6289AD3BA00B348FD /* AppDelegate.swift */; };
		EBED99D9289AD3BA00B348FD /* SceneDelegate.swift in Sources */ = {isa = PBXBuildFile; fileRef = EBED99D8289AD3BA00B348FD /* SceneDelegate.swift */; };
		EBED99DB289AD3BA00B348FD /* ViewController.swift in Sources */ = {isa = PBXBuildFile; fileRef = EBED99DA289AD3BA00B348FD /* ViewController.swift */; };
		EBED99DE289AD3BA00B348FD /* Main.storyboard in Resources */ = {isa = PBXBuildFile; fileRef = EBED99DC289AD3BA00B348FD /* Main.storyboard */; };
		EBED99E0289AD3BB00B348FD /* Assets.xcassets in Resources */ = {isa = PBXBuildFile; fileRef = EBED99DF289AD3BB00B348FD /* Assets.xcassets */; };
		EBED99E3289AD3BB00B348FD /* LaunchScreen.storyboard in Resources */ = {isa = PBXBuildFile; fileRef = EBED99E1289AD3BB00B348FD /* LaunchScreen.storyboard */; };
		EBED99EB289AD3D300B348FD /* ContactCell.swift in Sources */ = {isa = PBXBuildFile; fileRef = EBED99EA289AD3D300B348FD /* ContactCell.swift */; };
		EBED99ED289AD3DF00B348FD /* Source.swift in Sources */ = {isa = PBXBuildFile; fileRef = EBED99EC289AD3DF00B348FD /* Source.swift */; };
/* End PBXBuildFile section */

/* Begin PBXFileReference section */
		EBED99D3289AD3BA00B348FD /* UITableView1.app */ = {isa = PBXFileReference; explicitFileType = wrapper.application; includeInIndex = 0; path = UITableView1.app; sourceTree = BUILT_PRODUCTS_DIR; };
		EBED99D6289AD3BA00B348FD /* AppDelegate.swift */ = {isa = PBXFileReference; lastKnownFileType = sourcecode.swift; path = AppDelegate.swift; sourceTree = "<group>"; };
		EBED99D8289AD3BA00B348FD /* SceneDelegate.swift */ = {isa = PBXFileReference; lastKnownFileType = sourcecode.swift; path = SceneDelegate.swift; sourceTree = "<group>"; };
		EBED99DA289AD3BA00B348FD /* ViewController.swift */ = {isa = PBXFileReference; lastKnownFileType = sourcecode.swift; path = ViewController.swift; sourceTree = "<group>"; };
		EBED99DD289AD3BA00B348FD /* Base */ = {isa = PBXFileReference; lastKnownFileType = file.storyboard; name = Base; path = Base.lproj/Main.storyboard; sourceTree = "<group>"; };
		EBED99DF289AD3BB00B348FD /* Assets.xcassets */ = {isa = PBXFileReference; lastKnownFileType = folder.assetcatalog; path = Assets.xcassets; sourceTree = "<group>"; };
		EBED99E2289AD3BB00B348FD /* Base */ = {isa = PBXFileReference; lastKnownFileType = file.storyboard; name = Base; path = Base.lproj/LaunchScreen.storyboard; sourceTree = "<group>"; };
		EBED99E4289AD3BB00B348FD /* Info.plist */ = {isa = PBXFileReference; lastKnownFileType = text.plist.xml; path = Info.plist; sourceTree = "<group>"; };
		EBED99EA289AD3D300B348FD /* ContactCell.swift */ = {isa = PBXFileReference; lastKnownFileType = sourcecode.swift; path = ContactCell.swift; sourceTree = "<group>"; };
		EBED99EC289AD3DF00B348FD /* Source.swift */ = {isa = PBXFileReference; lastKnownFileType = sourcecode.swift; path = Source.swift; sourceTree = "<group>"; };
/* End PBXFileReference section */

/* Begin PBXFrameworksBuildPhase section */
		EBED99D0289AD3BA00B348FD /* Frameworks */ = {
			isa = PBXFrameworksBuildPhase;
			buildActionMask = 2147483647;
			files = (
			);
			runOnlyForDeploymentPostprocessing = 0;
		};
/* End PBXFrameworksBuildPhase section */

/* Begin PBXGroup section */
		EBED99CA289AD3BA00B348FD = {
			isa = PBXGroup;
			children = (
				EBED99D5289AD3BA00B348FD /* UITableView1 */,
				EBED99D4289AD3BA00B348FD /* Products */,
			);
			sourceTree = "<group>";
		};
		EBED99D4289AD3BA00B348FD /* Products */ = {
			isa = PBXGroup;
			children = (
				EBED99D3289AD3BA00B348FD /* UITableView1.app */,
			);
			name = Products;
			sourceTree = "<group>";
		};
		EBED99D5289AD3BA00B348FD /* UITableView1 */ = {
			isa = PBXGroup;
			children = (
				EBED99D6289AD3BA00B348FD /* AppDelegate.swift */,
				EBED99D8289AD3BA00B348FD /* SceneDelegate.swift */,
				EBED99EA289AD3D300B348FD /* ContactCell.swift */,
				EBED99EC289AD3DF00B348FD /* Source.swift */,
				EBED99DA289AD3BA00B348FD /* ViewController.swift */,
				EBED99DC289AD3BA00B348FD /* Main.storyboard */,
				EBED99DF289AD3BB00B348FD /* Assets.xcassets */,
				EBED99E1289AD3BB00B348FD /* LaunchScreen.storyboard */,
				EBED99E4289AD3BB00B348FD /* Info.plist */,
			);
			path = UITableView1;
			sourceTree = "<group>";
		};
/* End PBXGroup section */

/* Begin PBXNativeTarget section */
		EBED99D2289AD3BA00B348FD /* UITableView1 */ = {
			isa = PBXNativeTarget;
			buildConfigurationList = EBED99E7289AD3BB00B348FD /* Build configuration list for PBXNativeTarget "UITableView1" */;
			buildPhases = (
				EBED99CF289AD3BA00B348FD /* Sources */,
				EBED99D0289AD3BA00B348FD /* Frameworks */,
				EBED99D1289AD3BA00B348FD /* Resources */,
			);
			buildRules = (
			);
			dependencies = (
			);
			name = UITableView1;
			productName = UITableView1;
			productReference = EBED99D3289AD3BA00B348FD /* UITableView1.app */;
			productType = "com.apple.product-type.application";
		};
/* End PBXNativeTarget section */

/* Begin PBXProject section */
		EBED99CB289AD3BA00B348FD /* Project object */ = {
			isa = PBXProject;
			attributes = {
				BuildIndependentTargetsInParallel = 1;
				LastSwiftUpdateCheck = 1340;
				LastUpgradeCheck = 1340;
				TargetAttributes = {
					EBED99D2289AD3BA00B348FD = {
						CreatedOnToolsVersion = 13.4.1;
					};
				};
			};
			buildConfigurationList = EBED99CE289AD3BA00B348FD /* Build configuration list for PBXProject "UITableView1" */;
			compatibilityVersion = "Xcode 13.0";
			developmentRegion = en;
			hasScannedForEncodings = 0;
			knownRegions = (
				en,
				Base,
			);
			mainGroup = EBED99CA289AD3BA00B348FD;
			productRefGroup = EBED99D4289AD3BA00B348FD /* Products */;
			projectDirPath = "";
			projectRoot = "";
			targets = (
				EBED99D2289AD3BA00B348FD /* UITableView1 */,
			);
		};
/* End PBXProject section */

/* Begin PBXResourcesBuildPhase section */
		EBED99D1289AD3BA00B348FD /* Resources */ = {
			isa = PBXResourcesBuildPhase;
			buildActionMask = 2147483647;
			files = (
				EBED99E3289AD3BB00B348FD /* LaunchScreen.storyboard in Resources */,
				EBED99E0289AD3BB00B348FD /* Assets.xcassets in Resources */,
				EBED99DE289AD3BA00B348FD /* Main.storyboard in Resources */,
			);
			runOnlyForDeploymentPostprocessing = 0;
		};
/* End PBXResourcesBuildPhase section */

/* Begin PBXSourcesBuildPhase section */
		EBED99CF289AD3BA00B348FD /* Sources */ = {
			isa = PBXSourcesBuildPhase;
			buildActionMask = 2147483647;
			files = (
				EBED99EB289AD3D300B348FD /* ContactCell.swift in Sources */,
				EBED99DB289AD3BA00B348FD /* ViewController.swift in Sources */,
				EBED99D7289AD3BA00B348FD /* AppDelegate.swift in Sources */,
				EBED99ED289AD3DF00B348FD /* Source.swift in Sources */,
				EBED99D9289AD3BA00B348FD /* SceneDelegate.swift in Sources */,
			);
			runOnlyForDeploymentPostprocessing = 0;
		};
/* End PBXSourcesBuildPhase section */

/* Begin PBXVariantGroup section */
		EBED99DC289AD3BA00B348FD /* Main.storyboard */ = {
			isa = PBXVariantGroup;
			children = (
				EBED99DD289AD3BA00B348FD /* Base */,
			);
			name = Main.storyboard;
			sourceTree = "<group>";
		};
		EBED99E1289AD3BB00B348FD /* LaunchScreen.storyboard */ = {
			isa = PBXVariantGroup;
			children = (
				EBED99E2289AD3BB00B348FD /* Base */,
			);
			name = LaunchScreen.storyboard;
			sourceTree = "<group>";
		};
/* End PBXVariantGroup section */

/* Begin XCBuildConfiguration section */
		EBED99E5289AD3BB00B348FD /* Debug */ = {
			isa = XCBuildConfiguration;
			buildSettings = {
				ALWAYS_SEARCH_USER_PATHS = NO;
				CLANG_ANALYZER_NONNULL = YES;
				CLANG_ANALYZER_NUMBER_OBJECT_CONVERSION = YES_AGGRESSIVE;
				CLANG_CXX_LANGUAGE_STANDARD = "gnu++17";
				CLANG_ENABLE_MODULES = YES;
				CLANG_ENABLE_OBJC_ARC = YES;
				CLANG_ENABLE_OBJC_WEAK = YES;
				CLANG_WARN_BLOCK_CAPTURE_AUTORELEASING = YES;
				CLANG_WARN_BOOL_CONVERSION = YES;
				CLANG_WARN_COMMA = YES;
				CLANG_WARN_CONSTANT_CONVERSION = YES;
				CLANG_WARN_DEPRECATED_OBJC_IMPLEMENTATIONS = YES;
				CLANG_WARN_DIRECT_OBJC_ISA_USAGE = YES_ERROR;
				CLANG_WARN_DOCUMENTATION_COMMENTS = YES;
				CLANG_WARN_EMPTY_BODY = YES;
				CLANG_WARN_ENUM_CONVERSION = YES;
				CLANG_WARN_INFINITE_RECURSION = YES;
				CLANG_WARN_INT_CONVERSION = YES;
				CLANG_WARN_NON_LITERAL_NULL_CONVERSION = YES;
				CLANG_WARN_OBJC_IMPLICIT_RETAIN_SELF = YES;
				CLANG_WARN_OBJC_LITERAL_CONVERSION = YES;
				CLANG_WARN_OBJC_ROOT_CLASS = YES_ERROR;
				CLANG_WARN_QUOTED_INCLUDE_IN_FRAMEWORK_HEADER = YES;
				CLANG_WARN_RANGE_LOOP_ANALYSIS = YES;
				CLANG_WARN_STRICT_PROTOTYPES = YES;
				CLANG_WARN_SUSPICIOUS_MOVE = YES;
				CLANG_WARN_UNGUARDED_AVAILABILITY = YES_AGGRESSIVE;
				CLANG_WARN_UNREACHABLE_CODE = YES;
				CLANG_WARN__DUPLICATE_METHOD_MATCH = YES;
				COPY_PHASE_STRIP = NO;
				DEBUG_INFORMATION_FORMAT = dwarf;
				ENABLE_STRICT_OBJC_MSGSEND = YES;
				ENABLE_TESTABILITY = YES;
				GCC_C_LANGUAGE_STANDARD = gnu11;
				GCC_DYNAMIC_NO_PIC = NO;
				GCC_NO_COMMON_BLOCKS = YES;
				GCC_OPTIMIZATION_LEVEL = 0;
				GCC_PREPROCESSOR_DEFINITIONS = (
					"DEBUG=1",
					"$(inherited)",
				);
				GCC_WARN_64_TO_32_BIT_CONVERSION = YES;
				GCC_WARN_ABOUT_RETURN_TYPE = YES_ERROR;
				GCC_WARN_UNDECLARED_SELECTOR = YES;
				GCC_WARN_UNINITIALIZED_AUTOS = YES_AGGRESSIVE;
				GCC_WARN_UNUSED_FUNCTION = YES;
				GCC_WARN_UNUSED_VARIABLE = YES;
				IPHONEOS_DEPLOYMENT_TARGET = 15.5;
				MTL_ENABLE_DEBUG_INFO = INCLUDE_SOURCE;
				MTL_FAST_MATH = YES;
				ONLY_ACTIVE_ARCH = YES;
				SDKROOT = iphoneos;
				SWIFT_ACTIVE_COMPILATION_CONDITIONS = DEBUG;
				SWIFT_OPTIMIZATION_LEVEL = "-Onone";
			};
			name = Debug;
		};
		EBED99E6289AD3BB00B348FD /* Release */ = {
			isa = XCBuildConfiguration;
			buildSettings = {
				ALWAYS_SEARCH_USER_PATHS = NO;
				CLANG_ANALYZER_NONNULL = YES;
				CLANG_ANALYZER_NUMBER_OBJECT_CONVERSION = YES_AGGRESSIVE;
				CLANG_CXX_LANGUAGE_STANDARD = "gnu++17";
				CLANG_ENABLE_MODULES = YES;
				CLANG_ENABLE_OBJC_ARC = YES;
				CLANG_ENABLE_OBJC_WEAK = YES;
				CLANG_WARN_BLOCK_CAPTURE_AUTORELEASING = YES;
				CLANG_WARN_BOOL_CONVERSION = YES;
				CLANG_WARN_COMMA = YES;
				CLANG_WARN_CONSTANT_CONVERSION = YES;
				CLANG_WARN_DEPRECATED_OBJC_IMPLEMENTATIONS = YES;
				CLANG_WARN_DIRECT_OBJC_ISA_USAGE = YES_ERROR;
				CLANG_WARN_DOCUMENTATION_COMMENTS = YES;
				CLANG_WARN_EMPTY_BODY = YES;
				CLANG_WARN_ENUM_CONVERSION = YES;
				CLANG_WARN_INFINITE_RECURSION = YES;
				CLANG_WARN_INT_CONVERSION = YES;
				CLANG_WARN_NON_LITERAL_NULL_CONVERSION = YES;
				CLANG_WARN_OBJC_IMPLICIT_RETAIN_SELF = YES;
				CLANG_WARN_OBJC_LITERAL_CONVERSION = YES;
				CLANG_WARN_OBJC_ROOT_CLASS = YES_ERROR;
				CLANG_WARN_QUOTED_INCLUDE_IN_FRAMEWORK_HEADER = YES;
				CLANG_WARN_RANGE_LOOP_ANALYSIS = YES;
				CLANG_WARN_STRICT_PROTOTYPES = YES;
				CLANG_WARN_SUSPICIOUS_MOVE = YES;
				CLANG_WARN_UNGUARDED_AVAILABILITY = YES_AGGRESSIVE;
				CLANG_WARN_UNREACHABLE_CODE = YES;
				CLANG_WARN__DUPLICATE_METHOD_MATCH = YES;
				COPY_PHASE_STRIP = NO;
				DEBUG_INFORMATION_FORMAT = "dwarf-with-dsym";
				ENABLE_NS_ASSERTIONS = NO;
				ENABLE_STRICT_OBJC_MSGSEND = YES;
				GCC_C_LANGUAGE_STANDARD = gnu11;
				GCC_NO_COMMON_BLOCKS = YES;
				GCC_WARN_64_TO_32_BIT_CONVERSION = YES;
				GCC_WARN_ABOUT_RETURN_TYPE = YES_ERROR;
				GCC_WARN_UNDECLARED_SELECTOR = YES;
				GCC_WARN_UNINITIALIZED_AUTOS = YES_AGGRESSIVE;
				GCC_WARN_UNUSED_FUNCTION = YES;
				GCC_WARN_UNUSED_VARIABLE = YES;
				IPHONEOS_DEPLOYMENT_TARGET = 15.5;
				MTL_ENABLE_DEBUG_INFO = NO;
				MTL_FAST_MATH = YES;
				SDKROOT = iphoneos;
				SWIFT_COMPILATION_MODE = wholemodule;
				SWIFT_OPTIMIZATION_LEVEL = "-O";
				VALIDATE_PRODUCT = YES;
			};
			name = Release;
		};
		EBED99E8289AD3BB00B348FD /* Debug */ = {
			isa = XCBuildConfiguration;
			buildSettings = {
				ASSETCATALOG_COMPILER_APPICON_NAME = AppIcon;
				ASSETCATALOG_COMPILER_GLOBAL_ACCENT_COLOR_NAME = AccentColor;
				CODE_SIGN_STYLE = Automatic;
				CURRENT_PROJECT_VERSION = 1;
				DEVELOPMENT_TEAM = SQW9QT52A6;
				GENERATE_INFOPLIST_FILE = YES;
				INFOPLIST_FILE = UITableView1/Info.plist;
				INFOPLIST_KEY_UIApplicationSupportsIndirectInputEvents = YES;
				INFOPLIST_KEY_UILaunchStoryboardName = LaunchScreen;
				INFOPLIST_KEY_UIMainStoryboardFile = Main;
				INFOPLIST_KEY_UISupportedInterfaceOrientations_iPad = "UIInterfaceOrientationPortrait UIInterfaceOrientationPortraitUpsideDown UIInterfaceOrientationLandscapeLeft UIInterfaceOrientationLandscapeRight";
				INFOPLIST_KEY_UISupportedInterfaceOrientations_iPhone = "UIInterfaceOrientationPortrait UIInterfaceOrientationLandscapeLeft UIInterfaceOrientationLandscapeRight";
				LD_RUNPATH_SEARCH_PATHS = (
					"$(inherited)",
					"@executable_path/Frameworks",
				);
				MARKETING_VERSION = 1.0;
				PRODUCT_BUNDLE_IDENTIFIER = com.chalkarovdamir.UITableView1;
				PRODUCT_NAME = "$(TARGET_NAME)";
				SWIFT_EMIT_LOC_STRINGS = YES;
				SWIFT_VERSION = 5.0;
				TARGETED_DEVICE_FAMILY = "1,2";
			};
			name = Debug;
		};
		EBED99E9289AD3BB00B348FD /* Release */ = {
			isa = XCBuildConfiguration;
			buildSettings = {
				ASSETCATALOG_COMPILER_APPICON_NAME = AppIcon;
				ASSETCATALOG_COMPILER_GLOBAL_ACCENT_COLOR_NAME = AccentColor;
				CODE_SIGN_STYLE = Automatic;
				CURRENT_PROJECT_VERSION = 1;
				DEVELOPMENT_TEAM = SQW9QT52A6;
				GENERATE_INFOPLIST_FILE = YES;
				INFOPLIST_FILE = UITableView1/Info.plist;
				INFOPLIST_KEY_UIApplicationSupportsIndirectInputEvents = YES;
				INFOPLIST_KEY_UILaunchStoryboardName = LaunchScreen;
				INFOPLIST_KEY_UIMainStoryboardFile = Main;
				INFOPLIST_KEY_UISupportedInterfaceOrientations_iPad = "UIInterfaceOrientationPortrait UIInterfaceOrientationPortraitUpsideDown UIInterfaceOrientationLandscapeLeft UIInterfaceOrientationLandscapeRight";
				INFOPLIST_KEY_UISupportedInterfaceOrientations_iPhone = "UIInterfaceOrientationPortrait UIInterfaceOrientationLandscapeLeft UIInterfaceOrientationLandscapeRight";
				LD_RUNPATH_SEARCH_PATHS = (
					"$(inherited)",
					"@executable_path/Frameworks",
				);
				MARKETING_VERSION = 1.0;
				PRODUCT_BUNDLE_IDENTIFIER = com.chalkarovdamir.UITableView1;
				PRODUCT_NAME = "$(TARGET_NAME)";
				SWIFT_EMIT_LOC_STRINGS = YES;
				SWIFT_VERSION = 5.0;
				TARGETED_DEVICE_FAMILY = "1,2";
			};
			name = Release;
		};
/* End XCBuildConfiguration section */

/* Begin XCConfigurationList section */
		EBED99CE289AD3BA00B348FD /* Build configuration list for PBXProject "UITableView1" */ = {
			isa = XCConfigurationList;
			buildConfigurations = (
				EBED99E5289AD3BB00B348FD /* Debug */,
				EBED99E6289AD3BB00B348FD /* Release */,
			);
			defaultConfigurationIsVisible = 0;
			defaultConfigurationName = Release;
		};
		EBED99E7289AD3BB00B348FD /* Build configuration list for PBXNativeTarget "UITableView1" */ = {
			isa = XCConfigurationList;
			buildConfigurations = (
				EBED99E8289AD3BB00B348FD /* Debug */,
				EBED99E9289AD3BB00B348FD /* Release */,
			);
			defaultConfigurationIsVisible = 0;
			defaultConfigurationName = Release;
		};
/* End XCConfigurationList section */
	};
	rootObject = EBED99CB289AD3BA00B348FD /* Project object */;
}
